
Microsoft Visual Studio Solution File, Format Version 12.00
# Visual Studio 2013
VisualStudioVersion = 12.0.40629.0
MinimumVisualStudioVersion = 10.0.40219.1
Project("{8BC9CEB8-8B4A-11D0-8D11-00A0C91BC942}") = "Vector", "Vector\Vector.vcxproj", "{69F92E4F-4FC1-443E-9374-CF6D84453178}"
EndProject
Project("{2150E333-8FDC-42A3-9474-1A3956D46DE8}") = "Time Complexity", "Time Complexity", "{864205F2-8056-46D8-9972-61002F4E636C}"
EndProject
Project("{2150E333-8FDC-42A3-9474-1A3956D46DE8}") = "Linked Lists", "Linked Lists", "{83E3E076-6BF9-4C84-9A88-587AF7A4EDDD}"
EndProject
Project("{8BC9CEB8-8B4A-11D0-8D11-00A0C91BC942}") = "LinkedListToolkit", "LinkedListToolkit\LinkedListToolkit.vcxproj", "{8BA8E888-2A60-4558-8292-06425F32CE30}"
EndProject
Project("{8BC9CEB8-8B4A-11D0-8D11-00A0C91BC942}") = "LLTK.Test", "LLTK.Test\LLTK.Test.vcxproj", "{AE640D99-3E9B-4279-8DA5-69153B0D4327}"
EndProject
Project("{2150E333-8FDC-42A3-9474-1A3956D46DE8}") = "Hash Maps", "Hash Maps", "{08C5CBC0-380F-426F-8E99-CA925CB5968F}"
EndProject
Project("{8BC9CEB8-8B4A-11D0-8D11-00A0C91BC942}") = "OAHashMap", "OAHashMap\OAHashMap.vcxproj", "{E9C46F66-2E0D-46B5-AC4D-BAD03BFC3A22}"
EndProject
Project("{2150E333-8FDC-42A3-9474-1A3956D46DE8}") = "Stack and Queue", "Stack and Queue", "{B599BB0A-8414-4210-AE0B-D4C188F45070}"
EndProject
Project("{8BC9CEB8-8B4A-11D0-8D11-00A0C91BC942}") = "PriorityQueue", "PQ\PQ.vcxproj", "{C815A58C-8D20-4940-9ACD-55A41D6A7F8E}"
EndProject
Global
	GlobalSection(SolutionConfigurationPlatforms) = preSolution
		Debug|Win32 = Debug|Win32
		Release|Win32 = Release|Win32
	EndGlobalSection
	GlobalSection(ProjectConfigurationPlatforms) = postSolution
		{69F92E4F-4FC1-443E-9374-CF6D84453178}.Debug|Win32.ActiveCfg = Debug|Win32
		{69F92E4F-4FC1-443E-9374-CF6D84453178}.Debug|Win32.Build.0 = Debug|Win32
		{69F92E4F-4FC1-443E-9374-CF6D84453178}.Release|Win32.ActiveCfg = Release|Win32
		{69F92E4F-4FC1-443E-9374-CF6D84453178}.Release|Win32.Build.0 = Release|Win32
		{8BA8E888-2A60-4558-8292-06425F32CE30}.Debug|Win32.ActiveCfg = Debug|Win32
		{8BA8E888-2A60-4558-8292-06425F32CE30}.Debug|Win32.Build.0 = Debug|Win32
		{8BA8E888-2A60-4558-8292-06425F32CE30}.Release|Win32.ActiveCfg = Release|Win32
		{8BA8E888-2A60-4558-8292-06425F32CE30}.Release|Win32.Build.0 = Release|Win32
		{AE640D99-3E9B-4279-8DA5-69153B0D4327}.Debug|Win32.ActiveCfg = Debug|Win32
		{AE640D99-3E9B-4279-8DA5-69153B0D4327}.Debug|Win32.Build.0 = Debug|Win32
		{AE640D99-3E9B-4279-8DA5-69153B0D4327}.Release|Win32.ActiveCfg = Release|Win32
		{AE640D99-3E9B-4279-8DA5-69153B0D4327}.Release|Win32.Build.0 = Release|Win32
		{E9C46F66-2E0D-46B5-AC4D-BAD03BFC3A22}.Debug|Win32.ActiveCfg = Debug|Win32
		{E9C46F66-2E0D-46B5-AC4D-BAD03BFC3A22}.Debug|Win32.Build.0 = Debug|Win32
		{E9C46F66-2E0D-46B5-AC4D-BAD03BFC3A22}.Release|Win32.ActiveCfg = Release|Win32
		{E9C46F66-2E0D-46B5-AC4D-BAD03BFC3A22}.Release|Win32.Build.0 = Release|Win32
		{C815A58C-8D20-4940-9ACD-55A41D6A7F8E}.Debug|Win32.ActiveCfg = Debug|Win32
		{C815A58C-8D20-4940-9ACD-55A41D6A7F8E}.Debug|Win32.Build.0 = Debug|Win32
		{C815A58C-8D20-4940-9ACD-55A41D6A7F8E}.Release|Win32.ActiveCfg = Release|Win32
		{C815A58C-8D20-4940-9ACD-55A41D6A7F8E}.Release|Win32.Build.0 = Release|Win32
	EndGlobalSection
	GlobalSection(SolutionProperties) = preSolution
		HideSolutionNode = FALSE
	EndGlobalSection
	GlobalSection(NestedProjects) = preSolution
		{69F92E4F-4FC1-443E-9374-CF6D84453178} = {864205F2-8056-46D8-9972-61002F4E636C}
		{8BA8E888-2A60-4558-8292-06425F32CE30} = {83E3E076-6BF9-4C84-9A88-587AF7A4EDDD}
		{AE640D99-3E9B-4279-8DA5-69153B0D4327} = {83E3E076-6BF9-4C84-9A88-587AF7A4EDDD}
		{E9C46F66-2E0D-46B5-AC4D-BAD03BFC3A22} = {08C5CBC0-380F-426F-8E99-CA925CB5968F}
		{C815A58C-8D20-4940-9ACD-55A41D6A7F8E} = {B599BB0A-8414-4210-AE0B-D4C188F45070}
	EndGlobalSection
EndGlobal
