
Microsoft Visual Studio Solution File, Format Version 12.00
# Visual Studio 2013
VisualStudioVersion = 12.0.31101.0
MinimumVisualStudioVersion = 10.0.40219.1
Project("{8BC9CEB8-8B4A-11D0-8D11-00A0C91BC942}") = "Vector", "Vector\Vector.vcxproj", "{69F92E4F-4FC1-443E-9374-CF6D84453178}"
EndProject
Project("{2150E333-8FDC-42A3-9474-1A3956D46DE8}") = "Time Complexity", "Time Complexity", "{864205F2-8056-46D8-9972-61002F4E636C}"
EndProject
Project("{2150E333-8FDC-42A3-9474-1A3956D46DE8}") = "Linked Lists", "Linked Lists", "{83E3E076-6BF9-4C84-9A88-587AF7A4EDDD}"
EndProject
Project("{8BC9CEB8-8B4A-11D0-8D11-00A0C91BC942}") = "LinkedListToolkit", "LinkedListToolkit\LinkedListToolkit.vcxproj", "{8BA8E888-2A60-4558-8292-06425F32CE30}"
EndProject
Project("{8BC9CEB8-8B4A-11D0-8D11-00A0C91BC942}") = "LLTK.Test", "LLTK.Test\LLTK.Test.vcxproj", "{AE640D99-3E9B-4279-8DA5-69153B0D4327}"
EndProject
Project("{2150E333-8FDC-42A3-9474-1A3956D46DE8}") = "Hash Maps", "Hash Maps", "{08C5CBC0-380F-426F-8E99-CA925CB5968F}"
EndProject
Project("{8BC9CEB8-8B4A-11D0-8D11-00A0C91BC942}") = "OAHashMap", "OAHashMap\OAHashMap.vcxproj", "{E9C46F66-2E0D-46B5-AC4D-BAD03BFC3A22}"
EndProject
Project("{2150E333-8FDC-42A3-9474-1A3956D46DE8}") = "Stack and Queue", "Stack and Queue", "{B599BB0A-8414-4210-AE0B-D4C188F45070}"
EndProject
Project("{8BC9CEB8-8B4A-11D0-8D11-00A0C91BC942}") = "PriorityQueue", "PQ\PQ.vcxproj", "{C815A58C-8D20-4940-9ACD-55A41D6A7F8E}"
EndProject
Project("{2150E333-8FDC-42A3-9474-1A3956D46DE8}") = "Recursion", "Recursion", "{669E39C1-071B-4DB9-A78A-F5E4A9317755}"
EndProject
Project("{8BC9CEB8-8B4A-11D0-8D11-00A0C91BC942}") = "TowerOfHanoi", "TowerOfHanoi\TowerOfHanoi.vcxproj", "{FD6412A6-8F76-40D7-A441-20F6DD12FDB2}"
EndProject
Project("{8BC9CEB8-8B4A-11D0-8D11-00A0C91BC942}") = "Triangle", "Triangle\Triangle.vcxproj", "{5342DFD9-9D5A-45B2-A96F-66EBDD43E697}"
EndProject
Project("{8BC9CEB8-8B4A-11D0-8D11-00A0C91BC942}") = "ArraySearach", "ArraySearach\ArraySearach.vcxproj", "{7B7F64FA-A0F1-485B-A450-CAE5FCEB9F74}"
EndProject
Project("{8BC9CEB8-8B4A-11D0-8D11-00A0C91BC942}") = "BookletPrinting", "BookletPrinting\BookletPrinting.vcxproj", "{17730206-7178-491C-9710-242C09FE36D2}"
EndProject
Project("{8BC9CEB8-8B4A-11D0-8D11-00A0C91BC942}") = "StarPattern", "StarPattern\StarPattern.vcxproj", "{464BACC6-9038-400D-A18E-1D6F30745482}"
EndProject
Project("{2150E333-8FDC-42A3-9474-1A3956D46DE8}") = "Sorting", "Sorting", "{72DFEDF9-98DF-4F17-8EFB-140075BBCCF3}"
EndProject
Project("{8BC9CEB8-8B4A-11D0-8D11-00A0C91BC942}") = "InsertionSort", "InsertionSort\InsertionSort.vcxproj", "{1980E608-9598-4712-B3AC-1530B1A06489}"
EndProject
Project("{2150E333-8FDC-42A3-9474-1A3956D46DE8}") = "Trees", "Trees", "{249994A9-6B8F-4C75-941B-53E7F9B7FF03}"
EndProject
Project("{8BC9CEB8-8B4A-11D0-8D11-00A0C91BC942}") = "SumOfTree", "SumOfTree\SumOfTree.vcxproj", "{E61D00DC-5C74-4DDD-87C2-D68B71426FF6}"
EndProject
Project("{8BC9CEB8-8B4A-11D0-8D11-00A0C91BC942}") = "BSTToolKit", "BSTToolKit\BSTToolKit.vcxproj", "{7C12B1CE-9868-4716-B02D-CD6663A1228F}"
EndProject
Global
	GlobalSection(SolutionConfigurationPlatforms) = preSolution
		Debug|Win32 = Debug|Win32
		Release|Win32 = Release|Win32
	EndGlobalSection
	GlobalSection(ProjectConfigurationPlatforms) = postSolution
		{69F92E4F-4FC1-443E-9374-CF6D84453178}.Debug|Win32.ActiveCfg = Debug|Win32
		{69F92E4F-4FC1-443E-9374-CF6D84453178}.Debug|Win32.Build.0 = Debug|Win32
		{69F92E4F-4FC1-443E-9374-CF6D84453178}.Release|Win32.ActiveCfg = Release|Win32
		{69F92E4F-4FC1-443E-9374-CF6D84453178}.Release|Win32.Build.0 = Release|Win32
		{8BA8E888-2A60-4558-8292-06425F32CE30}.Debug|Win32.ActiveCfg = Debug|Win32
		{8BA8E888-2A60-4558-8292-06425F32CE30}.Debug|Win32.Build.0 = Debug|Win32
		{8BA8E888-2A60-4558-8292-06425F32CE30}.Release|Win32.ActiveCfg = Release|Win32
		{8BA8E888-2A60-4558-8292-06425F32CE30}.Release|Win32.Build.0 = Release|Win32
		{AE640D99-3E9B-4279-8DA5-69153B0D4327}.Debug|Win32.ActiveCfg = Debug|Win32
		{AE640D99-3E9B-4279-8DA5-69153B0D4327}.Debug|Win32.Build.0 = Debug|Win32
		{AE640D99-3E9B-4279-8DA5-69153B0D4327}.Release|Win32.ActiveCfg = Release|Win32
		{AE640D99-3E9B-4279-8DA5-69153B0D4327}.Release|Win32.Build.0 = Release|Win32
		{E9C46F66-2E0D-46B5-AC4D-BAD03BFC3A22}.Debug|Win32.ActiveCfg = Debug|Win32
		{E9C46F66-2E0D-46B5-AC4D-BAD03BFC3A22}.Debug|Win32.Build.0 = Debug|Win32
		{E9C46F66-2E0D-46B5-AC4D-BAD03BFC3A22}.Release|Win32.ActiveCfg = Release|Win32
		{E9C46F66-2E0D-46B5-AC4D-BAD03BFC3A22}.Release|Win32.Build.0 = Release|Win32
		{C815A58C-8D20-4940-9ACD-55A41D6A7F8E}.Debug|Win32.ActiveCfg = Debug|Win32
		{C815A58C-8D20-4940-9ACD-55A41D6A7F8E}.Debug|Win32.Build.0 = Debug|Win32
		{C815A58C-8D20-4940-9ACD-55A41D6A7F8E}.Release|Win32.ActiveCfg = Release|Win32
		{C815A58C-8D20-4940-9ACD-55A41D6A7F8E}.Release|Win32.Build.0 = Release|Win32
		{FD6412A6-8F76-40D7-A441-20F6DD12FDB2}.Debug|Win32.ActiveCfg = Debug|Win32
		{FD6412A6-8F76-40D7-A441-20F6DD12FDB2}.Debug|Win32.Build.0 = Debug|Win32
		{FD6412A6-8F76-40D7-A441-20F6DD12FDB2}.Release|Win32.ActiveCfg = Release|Win32
		{FD6412A6-8F76-40D7-A441-20F6DD12FDB2}.Release|Win32.Build.0 = Release|Win32
		{5342DFD9-9D5A-45B2-A96F-66EBDD43E697}.Debug|Win32.ActiveCfg = Debug|Win32
		{5342DFD9-9D5A-45B2-A96F-66EBDD43E697}.Debug|Win32.Build.0 = Debug|Win32
		{5342DFD9-9D5A-45B2-A96F-66EBDD43E697}.Release|Win32.ActiveCfg = Release|Win32
		{5342DFD9-9D5A-45B2-A96F-66EBDD43E697}.Release|Win32.Build.0 = Release|Win32
		{7B7F64FA-A0F1-485B-A450-CAE5FCEB9F74}.Debug|Win32.ActiveCfg = Debug|Win32
		{7B7F64FA-A0F1-485B-A450-CAE5FCEB9F74}.Debug|Win32.Build.0 = Debug|Win32
		{7B7F64FA-A0F1-485B-A450-CAE5FCEB9F74}.Release|Win32.ActiveCfg = Release|Win32
		{7B7F64FA-A0F1-485B-A450-CAE5FCEB9F74}.Release|Win32.Build.0 = Release|Win32
		{17730206-7178-491C-9710-242C09FE36D2}.Debug|Win32.ActiveCfg = Debug|Win32
		{17730206-7178-491C-9710-242C09FE36D2}.Debug|Win32.Build.0 = Debug|Win32
		{17730206-7178-491C-9710-242C09FE36D2}.Release|Win32.ActiveCfg = Release|Win32
		{17730206-7178-491C-9710-242C09FE36D2}.Release|Win32.Build.0 = Release|Win32
		{464BACC6-9038-400D-A18E-1D6F30745482}.Debug|Win32.ActiveCfg = Debug|Win32
		{464BACC6-9038-400D-A18E-1D6F30745482}.Debug|Win32.Build.0 = Debug|Win32
		{464BACC6-9038-400D-A18E-1D6F30745482}.Release|Win32.ActiveCfg = Release|Win32
		{464BACC6-9038-400D-A18E-1D6F30745482}.Release|Win32.Build.0 = Release|Win32
		{1980E608-9598-4712-B3AC-1530B1A06489}.Debug|Win32.ActiveCfg = Debug|Win32
		{1980E608-9598-4712-B3AC-1530B1A06489}.Debug|Win32.Build.0 = Debug|Win32
		{1980E608-9598-4712-B3AC-1530B1A06489}.Release|Win32.ActiveCfg = Release|Win32
		{1980E608-9598-4712-B3AC-1530B1A06489}.Release|Win32.Build.0 = Release|Win32
		{E61D00DC-5C74-4DDD-87C2-D68B71426FF6}.Debug|Win32.ActiveCfg = Debug|Win32
		{E61D00DC-5C74-4DDD-87C2-D68B71426FF6}.Debug|Win32.Build.0 = Debug|Win32
		{E61D00DC-5C74-4DDD-87C2-D68B71426FF6}.Release|Win32.ActiveCfg = Release|Win32
		{E61D00DC-5C74-4DDD-87C2-D68B71426FF6}.Release|Win32.Build.0 = Release|Win32
		{7C12B1CE-9868-4716-B02D-CD6663A1228F}.Debug|Win32.ActiveCfg = Debug|Win32
		{7C12B1CE-9868-4716-B02D-CD6663A1228F}.Debug|Win32.Build.0 = Debug|Win32
		{7C12B1CE-9868-4716-B02D-CD6663A1228F}.Release|Win32.ActiveCfg = Release|Win32
		{7C12B1CE-9868-4716-B02D-CD6663A1228F}.Release|Win32.Build.0 = Release|Win32
	EndGlobalSection
	GlobalSection(SolutionProperties) = preSolution
		HideSolutionNode = FALSE
	EndGlobalSection
	GlobalSection(NestedProjects) = preSolution
		{69F92E4F-4FC1-443E-9374-CF6D84453178} = {864205F2-8056-46D8-9972-61002F4E636C}
		{8BA8E888-2A60-4558-8292-06425F32CE30} = {83E3E076-6BF9-4C84-9A88-587AF7A4EDDD}
		{AE640D99-3E9B-4279-8DA5-69153B0D4327} = {83E3E076-6BF9-4C84-9A88-587AF7A4EDDD}
		{E9C46F66-2E0D-46B5-AC4D-BAD03BFC3A22} = {08C5CBC0-380F-426F-8E99-CA925CB5968F}
		{C815A58C-8D20-4940-9ACD-55A41D6A7F8E} = {B599BB0A-8414-4210-AE0B-D4C188F45070}
		{FD6412A6-8F76-40D7-A441-20F6DD12FDB2} = {669E39C1-071B-4DB9-A78A-F5E4A9317755}
		{5342DFD9-9D5A-45B2-A96F-66EBDD43E697} = {669E39C1-071B-4DB9-A78A-F5E4A9317755}
		{7B7F64FA-A0F1-485B-A450-CAE5FCEB9F74} = {669E39C1-071B-4DB9-A78A-F5E4A9317755}
		{17730206-7178-491C-9710-242C09FE36D2} = {669E39C1-071B-4DB9-A78A-F5E4A9317755}
		{464BACC6-9038-400D-A18E-1D6F30745482} = {669E39C1-071B-4DB9-A78A-F5E4A9317755}
		{1980E608-9598-4712-B3AC-1530B1A06489} = {72DFEDF9-98DF-4F17-8EFB-140075BBCCF3}
		{E61D00DC-5C74-4DDD-87C2-D68B71426FF6} = {249994A9-6B8F-4C75-941B-53E7F9B7FF03}
		{7C12B1CE-9868-4716-B02D-CD6663A1228F} = {249994A9-6B8F-4C75-941B-53E7F9B7FF03}
	EndGlobalSection
EndGlobal
